{
  "name": "atproto-fuse",
  "version": "1.0.0",
  "lockfileVersion": 3,
  "requires": true,
  "packages": {
    "": {
      "name": "atproto-fuse",
      "version": "1.0.0",
      "license": "ISC",
      "dependencies": {
        "@atcute/atproto": "^3.1.0",
        "@atcute/bluesky": "^3.1.2",
        "@atcute/client": "^4.0.3",
        "@types/node": "^24.0.3",
        "dotenv": "^16.5.0",
        "fuse-native": "^2.2.6"
      }
    },
    "node_modules/@atcute/atproto": {
      "version": "3.1.0",
      "resolved": "https://registry.npmjs.org/@atcute/atproto/-/atproto-3.1.0.tgz",
      "integrity": "sha512-aJbDsY7FcIh8APWKAimBtshPwqoRE056tc0UV6vw4TW4e3nYaHedoJmKhlh/k8KQWxyw64MQThNGMaC89HNoTg==",
      "license": "MIT",
      "dependencies": {
        "@atcute/lexicons": "^1.0.4"
      }
    },
    "node_modules/@atcute/bluesky": {
      "version": "3.1.2",
      "resolved": "https://registry.npmjs.org/@atcute/bluesky/-/bluesky-3.1.2.tgz",
      "integrity": "sha512-R2BZ4YlDZ5kVnLtOXSFzXRAT5R62Z/euLdaWFP1ZoVL7ZkA0dY3wpeLEIOEbOenGUbDx96Ae3KwjXR6CKEyuVQ==",
      "license": "0BSD",
      "dependencies": {
        "@atcute/atproto": "^3.1.0",
        "@atcute/lexicons": "^1.0.4"
      }
    },
    "node_modules/@atcute/client": {
      "version": "4.0.3",
      "resolved": "https://registry.npmjs.org/@atcute/client/-/client-4.0.3.tgz",
      "integrity": "sha512-RIOZWFVLca/HiPAAUDqQPOdOreCxTbL5cb+WUf5yqQOKIu5yEAP3eksinmlLmgIrlr5qVOE7brazUUzaskFCfw==",
      "license": "MIT",
      "dependencies": {
        "@atcute/identity": "^1.0.2",
        "@atcute/lexicons": "^1.0.3"
      }
    },
    "node_modules/@atcute/identity": {
      "version": "1.0.3",
      "resolved": "https://registry.npmjs.org/@atcute/identity/-/identity-1.0.3.tgz",
      "integrity": "sha512-mNMxbKHFGys03A8JXKk0KfMBzdd0vrYMzZZWjpw1nYTs0+ea6bo5S1hwqVUZxHdo1gFHSe/t63jxQIF4yL9aKw==",
      "license": "0BSD",
      "dependencies": {
        "@atcute/lexicons": "^1.0.4",
        "@badrap/valita": "^0.4.5"
      }
    },
    "node_modules/@atcute/lexicons": {
      "version": "1.0.4",
      "resolved": "https://registry.npmjs.org/@atcute/lexicons/-/lexicons-1.0.4.tgz",
      "integrity": "sha512-VyGJuGKAIeE+71UT9aSMJJdvfxfXsdsGMG9acv9rnGT7enVy4TD5XoYQy7TCHZ4YpxXzuHkqjyAqBz95c4WkRg==",
      "license": "MIT",
      "dependencies": {
        "esm-env": "^1.2.2"
      }
    },
    "node_modules/@badrap/valita": {
      "version": "0.4.5",
      "resolved": "https://registry.npmjs.org/@badrap/valita/-/valita-0.4.5.tgz",
      "integrity": "sha512-4QwGbuhh/JesHRQj79mO/l37PvJj4l/tlAu7+S1n4h47qwaNpZ0WDvIwUGLYUsdi9uQ5UPpiG9wb1Wm3XUFBUQ==",
      "license": "MIT",
      "engines": {
        "node": ">= 18"
      }
    },
    "node_modules/@types/node": {
      "version": "24.0.3",
      "resolved": "https://registry.npmjs.org/@types/node/-/node-24.0.3.tgz",
      "integrity": "sha512-R4I/kzCYAdRLzfiCabn9hxWfbuHS573x+r0dJMkkzThEa7pbrcDWK+9zu3e7aBOouf+rQAciqPFMnxwr0aWgKg==",
      "license": "MIT",
      "dependencies": {
        "undici-types": "~7.8.0"
      }
    },
    "node_modules/dotenv": {
      "version": "16.5.0",
      "resolved": "https://registry.npmjs.org/dotenv/-/dotenv-16.5.0.tgz",
      "integrity": "sha512-m/C+AwOAr9/W1UOIZUo232ejMNnJAJtYQjUbHoNTBNTJSvqzzDh7vnrei3o3r3m9blf6ZoDkvcw0VmozNRFJxg==",
      "license": "BSD-2-Clause",
      "engines": {
        "node": ">=12"
      },
      "funding": {
        "url": "https://dotenvx.com"
      }
    },
    "node_modules/esm-env": {
      "version": "1.2.2",
      "resolved": "https://registry.npmjs.org/esm-env/-/esm-env-1.2.2.tgz",
      "integrity": "sha512-Epxrv+Nr/CaL4ZcFGPJIYLWFom+YeV1DqMLHJoEd9SYRxNbaFruBwfEX/kkHUJf55j2+TUbmDcmuilbP1TmXHA==",
      "license": "MIT"
    },
    "node_modules/fuse-native": {
      "version": "2.2.6",
      "resolved": "https://registry.npmjs.org/fuse-native/-/fuse-native-2.2.6.tgz",
      "integrity": "sha512-Y5wXd7vUsWWWIIHbjluv7jKZgPZaSVA5YWaW3I5fXIJfcGWL6IRUgoBUveQAq+D8cG9cCiGNahv9CeToccCXrw==",
      "hasInstallScript": true,
      "license": "MIT",
      "dependencies": {
        "fuse-shared-library": "^1.0.2",
        "nanoresource": "^1.3.0",
        "napi-macros": "^2.0.0",
        "node-gyp-build": "^4.2.0"
      },
      "bin": {
        "fuse-native": "bin.js"
      }
    },
    "node_modules/fuse-shared-library": {
      "version": "1.1.1",
      "resolved": "https://registry.npmjs.org/fuse-shared-library/-/fuse-shared-library-1.1.1.tgz",
      "integrity": "sha512-EfgTo/eS1euZFUe7x8KqyA40hV4DwP7kqp1VNZApu2nlPnJv8SanraBE3VXyX7ff41sxw7M0oWY7re3G3wnZVA==",
      "license": "MIT",
      "dependencies": {
        "fuse-shared-library-darwin": "^1.0.3",
        "fuse-shared-library-linux": "^1.0.1",
        "fuse-shared-library-linux-arm": "^1.0.0"
      }
    },
    "node_modules/fuse-shared-library-darwin": {
      "version": "1.1.3",
      "resolved": "https://registry.npmjs.org/fuse-shared-library-darwin/-/fuse-shared-library-darwin-1.1.3.tgz",
      "integrity": "sha512-4Q8gMxyMl1+gwHGpiYUoKKpi7xq8WcPo0TvJvjZzHMuCiszouu2GgEs6SJAqPB3LjfmEkl6kPV+2Oluczr0Nig==",
      "license": "MIT"
    },
    "node_modules/fuse-shared-library-linux": {
      "version": "1.0.1",
      "resolved": "https://registry.npmjs.org/fuse-shared-library-linux/-/fuse-shared-library-linux-1.0.1.tgz",
      "integrity": "sha512-07MQRSobrBKwW4D7oKm0gM2TwgvZWb+gC08JdiYDG4KBTncxk9ssqEDiDMKll8hpseZufsY2w1yc/feOu2DPmQ==",
      "license": "MIT"
    },
    "node_modules/fuse-shared-library-linux-arm": {
      "version": "1.0.0",
      "resolved": "https://registry.npmjs.org/fuse-shared-library-linux-arm/-/fuse-shared-library-linux-arm-1.0.0.tgz",
      "integrity": "sha512-Dj4ssxo1/MKGvOsVWRblSRu+o5F5OJTrVPDkjSyGDU2yKvVnIzQSwy1deiWA0qCcS/Q8iJMlZaCpCcZWSwvoug==",
      "license": "MIT"
    },
    "node_modules/inherits": {
      "version": "2.0.4",
      "resolved": "https://registry.npmjs.org/inherits/-/inherits-2.0.4.tgz",
      "integrity": "sha512-k/vGaX4/Yla3WzyMCvTQOXYeIHvqOKtnqBduzTHpzpQZzAskKMhZ2K+EnBiSM9zGSoIFeMpXKxa4dYeZIQqewQ==",
      "license": "ISC"
    },
    "node_modules/nanoresource": {
      "version": "1.3.0",
      "resolved": "https://registry.npmjs.org/nanoresource/-/nanoresource-1.3.0.tgz",
      "integrity": "sha512-OI5dswqipmlYfyL3k/YMm7mbERlh4Bd1KuKdMHpeoVD1iVxqxaTMKleB4qaA2mbQZ6/zMNSxCXv9M9P/YbqTuQ==",
      "license": "MIT",
      "dependencies": {
        "inherits": "^2.0.4"
      }
    },
    "node_modules/napi-macros": {
      "version": "2.2.2",
      "resolved": "https://registry.npmjs.org/napi-macros/-/napi-macros-2.2.2.tgz",
      "integrity": "sha512-hmEVtAGYzVQpCKdbQea4skABsdXW4RUh5t5mJ2zzqowJS2OyXZTU1KhDVFhx+NlWZ4ap9mqR9TcDO3LTTttd+g==",
      "license": "MIT"
    },
    "node_modules/node-gyp-build": {
      "version": "4.8.4",
      "resolved": "https://registry.npmjs.org/node-gyp-build/-/node-gyp-build-4.8.4.tgz",
      "integrity": "sha512-LA4ZjwlnUblHVgq0oBF3Jl/6h/Nvs5fzBLwdEF4nuxnFdsfajde4WfxtJr3CaiH+F6ewcIB/q4jQ4UzPyid+CQ==",
      "license": "MIT",
      "bin": {
        "node-gyp-build": "bin.js",
        "node-gyp-build-optional": "optional.js",
        "node-gyp-build-test": "build-test.js"
      }
    },
    "node_modules/undici-types": {
      "version": "7.8.0",
      "resolved": "https://registry.npmjs.org/undici-types/-/undici-types-7.8.0.tgz",
      "integrity": "sha512-9UJ2xGDvQ43tYyVMpuHlsgApydB8ZKfVYTsLDhXkFL/6gfkp+U8xTGdh8pMJv1SpZna0zxG1DwsKZsreLbXBxw==",
      "license": "MIT"
    }
  }
}
